
Microsoft Visual Studio Solution File, Format Version 12.00
# Visual Studio Version 16
VisualStudioVersion = 16.0.31613.86
MinimumVisualStudioVersion = 10.0.40219.1
Project("{FAE04EC0-301F-11D3-BF4B-00C04F79EFBC}") = "Module2HW5", "Module2HW5\Module2HW5.csproj", "{C66EF32A-8D8F-4434-AEB5-1AA5735043A9}"
EndProject
Global
	GlobalSection(SolutionConfigurationPlatforms) = preSolution
		Debug|Any CPU = Debug|Any CPU
		Release|Any CPU = Release|Any CPU
	EndGlobalSection
	GlobalSection(ProjectConfigurationPlatforms) = postSolution
		{C66EF32A-8D8F-4434-AEB5-1AA5735043A9}.Debug|Any CPU.ActiveCfg = Debug|Any CPU
		{C66EF32A-8D8F-4434-AEB5-1AA5735043A9}.Debug|Any CPU.Build.0 = Debug|Any CPU
		{C66EF32A-8D8F-4434-AEB5-1AA5735043A9}.Release|Any CPU.ActiveCfg = Release|Any CPU
		{C66EF32A-8D8F-4434-AEB5-1AA5735043A9}.Release|Any CPU.Build.0 = Release|Any CPU
	EndGlobalSection
	GlobalSection(SolutionProperties) = preSolution
		HideSolutionNode = FALSE
	EndGlobalSection
	GlobalSection(ExtensibilityGlobals) = postSolution
		SolutionGuid = {19260514-AD0C-450E-9B31-330015236475}
	EndGlobalSection
EndGlobal
